
Microsoft Visual Studio Solution File, Format Version 12.00
# Visual Studio Version 16
VisualStudioVersion = 16.0.29201.188
MinimumVisualStudioVersion = 10.0.40219.1
Project("{FAE04EC0-301F-11D3-BF4B-00C04F79EFBC}") = "HackBU-Calendar", "HackBU-Calendar\HackBU-Calendar.csproj", "{1ADD001A-59C5-4ED2-8C0E-3E9AC788DEF3}"
EndProject
Global
	GlobalSection(SolutionConfigurationPlatforms) = preSolution
		Debug|Any CPU = Debug|Any CPU
		Release|Any CPU = Release|Any CPU
	EndGlobalSection
	GlobalSection(ProjectConfigurationPlatforms) = postSolution
		{1ADD001A-59C5-4ED2-8C0E-3E9AC788DEF3}.Debug|Any CPU.ActiveCfg = Debug|Any CPU
		{1ADD001A-59C5-4ED2-8C0E-3E9AC788DEF3}.Debug|Any CPU.Build.0 = Debug|Any CPU
		{1ADD001A-59C5-4ED2-8C0E-3E9AC788DEF3}.Release|Any CPU.ActiveCfg = Release|Any CPU
		{1ADD001A-59C5-4ED2-8C0E-3E9AC788DEF3}.Release|Any CPU.Build.0 = Release|Any CPU
	EndGlobalSection
	GlobalSection(SolutionProperties) = preSolution
		HideSolutionNode = FALSE
	EndGlobalSection
	GlobalSection(ExtensibilityGlobals) = postSolution
		SolutionGuid = {7A36EF44-AF44-400A-AB5F-E1B206C929EE}
	EndGlobalSection
EndGlobal
